
Microsoft Visual Studio Solution File, Format Version 12.00
# Visual Studio Version 16
VisualStudioVersion = 16.0.30225.117
MinimumVisualStudioVersion = 10.0.40219.1
Project("{FAE04EC0-301F-11D3-BF4B-00C04F79EFBC}") = "PointOfSale_UI", "Voyager\PointOfSale_UI.csproj", "{62D7C1C5-BD09-44B5-867C-AD00B858DDDB}"
EndProject
Project("{FAE04EC0-301F-11D3-BF4B-00C04F79EFBC}") = "PointOfSale", "PointOfSale\PointOfSale.csproj", "{A45A52DB-406D-4853-9B7F-CC59D681EA61}"
EndProject
Project("{FAE04EC0-301F-11D3-BF4B-00C04F79EFBC}") = "PointOfSale_Tests", "PointOfSale_Tests\PointOfSale_Tests.csproj", "{3A599424-5AF9-4008-B148-8E30C05BBC18}"
EndProject
Global
	GlobalSection(SolutionConfigurationPlatforms) = preSolution
		Debug|Any CPU = Debug|Any CPU
		Release|Any CPU = Release|Any CPU
	EndGlobalSection
	GlobalSection(ProjectConfigurationPlatforms) = postSolution
		{62D7C1C5-BD09-44B5-867C-AD00B858DDDB}.Debug|Any CPU.ActiveCfg = Debug|Any CPU
		{62D7C1C5-BD09-44B5-867C-AD00B858DDDB}.Debug|Any CPU.Build.0 = Debug|Any CPU
		{62D7C1C5-BD09-44B5-867C-AD00B858DDDB}.Release|Any CPU.ActiveCfg = Release|Any CPU
		{62D7C1C5-BD09-44B5-867C-AD00B858DDDB}.Release|Any CPU.Build.0 = Release|Any CPU
		{A45A52DB-406D-4853-9B7F-CC59D681EA61}.Debug|Any CPU.ActiveCfg = Debug|Any CPU
		{A45A52DB-406D-4853-9B7F-CC59D681EA61}.Debug|Any CPU.Build.0 = Debug|Any CPU
		{A45A52DB-406D-4853-9B7F-CC59D681EA61}.Release|Any CPU.ActiveCfg = Release|Any CPU
		{A45A52DB-406D-4853-9B7F-CC59D681EA61}.Release|Any CPU.Build.0 = Release|Any CPU
		{3A599424-5AF9-4008-B148-8E30C05BBC18}.Debug|Any CPU.ActiveCfg = Debug|Any CPU
		{3A599424-5AF9-4008-B148-8E30C05BBC18}.Debug|Any CPU.Build.0 = Debug|Any CPU
		{3A599424-5AF9-4008-B148-8E30C05BBC18}.Release|Any CPU.ActiveCfg = Release|Any CPU
		{3A599424-5AF9-4008-B148-8E30C05BBC18}.Release|Any CPU.Build.0 = Release|Any CPU
	EndGlobalSection
	GlobalSection(SolutionProperties) = preSolution
		HideSolutionNode = FALSE
	EndGlobalSection
	GlobalSection(ExtensibilityGlobals) = postSolution
		SolutionGuid = {12AD66A3-1952-49E7-8741-6C512984870E}
	EndGlobalSection
EndGlobal
